Microsoft Visual Studio Solution File, Format Version 9.00
# Visual Studio 2005
Project("{FAE04EC0-301F-11D3-BF4B-00C04F79EFBC}") = "BindAChartAtRuntime", "BindAChartAtRuntime\BindAChartAtRuntime.csproj", "{46C01D24-E6B7-4F7E-9573-B62E2E52460E}"
EndProject
Global
	GlobalSection(SolutionConfigurationPlatforms) = preSolution
		Debug|Any CPU = Debug|Any CPU
		Release|Any CPU = Release|Any CPU
	EndGlobalSection
	GlobalSection(ProjectConfigurationPlatforms) = postSolution
		{46C01D24-E6B7-4F7E-9573-B62E2E52460E}.Debug|Any CPU.ActiveCfg = Debug|Any CPU
		{46C01D24-E6B7-4F7E-9573-B62E2E52460E}.Debug|Any CPU.Build.0 = Debug|Any CPU
		{46C01D24-E6B7-4F7E-9573-B62E2E52460E}.Release|Any CPU.ActiveCfg = Release|Any CPU
		{46C01D24-E6B7-4F7E-9573-B62E2E52460E}.Release|Any CPU.Build.0 = Release|Any CPU
	EndGlobalSection
	GlobalSection(SolutionProperties) = preSolution
		HideSolutionNode = FALSE
	EndGlobalSection
EndGlobal
